
Microsoft Visual Studio Solution File, Format Version 12.00
# Visual Studio Version 17
VisualStudioVersion = 17.8.34322.80
MinimumVisualStudioVersion = 10.0.40219.1
Project("{9A19103F-16F7-4668-BE54-9A1E7A4F7556}") = "GisDeflate", "GisDeflate\GisDeflate.csproj", "{1F484666-799D-4D68-8A94-B982C818B387}"
EndProject
Project("{9A19103F-16F7-4668-BE54-9A1E7A4F7556}") = "GisDeflateTests", "GisDeflateTests\GisDeflateTests.csproj", "{4E830CEA-4476-4271-9C04-21E56F4B3923}"
EndProject
Project("{FAE04EC0-301F-11D3-BF4B-00C04F79EFBC}") = "GisDeflateBenchmark", "GisDeflateBenchmark\GisDeflateBenchmark.csproj", "{D615B85F-D631-4047-AC57-357766E6CB04}"
EndProject
Global
	GlobalSection(SolutionConfigurationPlatforms) = preSolution
		Debug|Any CPU = Debug|Any CPU
		Release|Any CPU = Release|Any CPU
	EndGlobalSection
	GlobalSection(ProjectConfigurationPlatforms) = postSolution
		{1F484666-799D-4D68-8A94-B982C818B387}.Debug|Any CPU.ActiveCfg = Debug|Any CPU
		{1F484666-799D-4D68-8A94-B982C818B387}.Debug|Any CPU.Build.0 = Debug|Any CPU
		{1F484666-799D-4D68-8A94-B982C818B387}.Release|Any CPU.ActiveCfg = Release|Any CPU
		{1F484666-799D-4D68-8A94-B982C818B387}.Release|Any CPU.Build.0 = Release|Any CPU
		{4E830CEA-4476-4271-9C04-21E56F4B3923}.Debug|Any CPU.ActiveCfg = Debug|Any CPU
		{4E830CEA-4476-4271-9C04-21E56F4B3923}.Debug|Any CPU.Build.0 = Debug|Any CPU
		{4E830CEA-4476-4271-9C04-21E56F4B3923}.Release|Any CPU.ActiveCfg = Release|Any CPU
		{4E830CEA-4476-4271-9C04-21E56F4B3923}.Release|Any CPU.Build.0 = Release|Any CPU
		{D615B85F-D631-4047-AC57-357766E6CB04}.Debug|Any CPU.ActiveCfg = Debug|Any CPU
		{D615B85F-D631-4047-AC57-357766E6CB04}.Debug|Any CPU.Build.0 = Debug|Any CPU
		{D615B85F-D631-4047-AC57-357766E6CB04}.Release|Any CPU.ActiveCfg = Release|Any CPU
		{D615B85F-D631-4047-AC57-357766E6CB04}.Release|Any CPU.Build.0 = Release|Any CPU
	EndGlobalSection
	GlobalSection(SolutionProperties) = preSolution
		HideSolutionNode = FALSE
	EndGlobalSection
	GlobalSection(ExtensibilityGlobals) = postSolution
		SolutionGuid = {EB12496D-E9A4-45AE-A362-B26CD560414D}
	EndGlobalSection
EndGlobal
